{
  "version": 4,
  "terraform_version": "1.15.8",
  "serial": 126,
  "lineage": "7042e092-30e6-32ed-f10c-47ece065c9b7",
  "outputs": {
    "All_out": {
      "value": {
        "key_vault_id": "/subscriptions/64b8e362-61aa-45fb-aef1-420be79135ef/resourceGroups/nct-dev-secrets-rg2/providers/Microsoft.KeyVault/vaults/nct-dev-secrets-kv2",
        "location": "South India",
        "name": "nct-dev-secrets-rg2",
        "object_id": "a09e55b3-ee50-4718-bb46-f086b2fa32d1",
        "subscription_id": "64b8e362-61aa-45fb-aef1-420be79135ef",
        "tenant_id": "18a6ef3e-4273-4c2b-9a4d-7df397096bdd",
        "user": "nctadmin"
      },
      "type": [
        "object",
        {
          "key_vault_id": "string",
          "location": "string",
          "name": "string",
          "object_id": "string",
          "subscription_id": "string",
          "tenant_id": "string",
          "user": "string"
        }
      ]
    }
  },
  "resources": [
    {
      "mode": "data",
      "type": "azurerm_client_config",
      "name": "current",
      "provider": "provider[\"registry.terraform.io/hashicorp/azurerm\"]",
      "instances": [
        {
          "schema_version": 0,
          "attributes": {
            "client_id": "2b6814b3-a9f6-4dc6-81e3-ffc464065a38",
            "id": "Y2xpZW50Q29uZmlncy9jbGllbnRJZD0yYjY4MTRiMy1hOWY2LTRkYzYtODFlMy1mZmM0NjQwNjVhMzg7b2JqZWN0SWQ9YTA5ZTU1YjMtZWU1MC00NzE4LWJiNDYtZjA4NmIyZmEzMmQxO3N1YnNjcmlwdGlvbklkPTY0YjhlMzYyLTYxYWEtNDVmYi1hZWYxLTQyMGJlNzkxMzVlZjt0ZW5hbnRJZD0xOGE2ZWYzZS00MjczLTRjMmItOWE0ZC03ZGYzOTcwOTZiZGQ=",
            "object_id": "a09e55b3-ee50-4718-bb46-f086b2fa32d1",
            "subscription_id": "64b8e362-61aa-45fb-aef1-420be79135ef",
            "tenant_id": "18a6ef3e-4273-4c2b-9a4d-7df397096bdd",
            "timeouts": null
          },
          "sensitive_attributes": [],
          "identity_schema_version": 0
        }
      ]
    },
    {
      "mode": "data",
      "type": "azurerm_key_vault_secret",
      "name": "allowed_ssh_ip",
      "provider": "provider[\"registry.terraform.io/hashicorp/azurerm\"]",
      "instances": [
        {
          "schema_version": 0,
          "attributes": {
            "content_type": "",
            "expiration_date": null,
            "id": "https://nct-dev-secrets-kv2.vault.azure.net/secrets/allowed-ssh-ip/f31114e8a8044ab184b307c81a225e16",
            "key_vault_id": "/subscriptions/64b8e362-61aa-45fb-aef1-420be79135ef/resourceGroups/nct-dev-secrets-rg2/providers/Microsoft.KeyVault/vaults/nct-dev-secrets-kv2",
            "name": "allowed-ssh-ip",
            "not_before_date": null,
            "resource_id": "/subscriptions/64b8e362-61aa-45fb-aef1-420be79135ef/resourceGroups/nct-dev-secrets-rg2/providers/Microsoft.KeyVault/vaults/nct-dev-secrets-kv2/secrets/allowed-ssh-ip/versions/f31114e8a8044ab184b307c81a225e16",
            "resource_versionless_id": "/subscriptions/64b8e362-61aa-45fb-aef1-420be79135ef/resourceGroups/nct-dev-secrets-rg2/providers/Microsoft.KeyVault/vaults/nct-dev-secrets-kv2/secrets/allowed-ssh-ip",
            "tags": {
              "CostCentre": "CC-DEVOPS-007",
              "ManagedBy": "terraform",
              "Owner": "jane-doe",
              "ProjectNCT": "INFRA-004",
              "SecretType": "infrastructure",
              "Team": "platform-engineering"
            },
            "timeouts": null,
            "value": "205.254.171.76",
            "version": "f31114e8a8044ab184b307c81a225e16",
            "versionless_id": "https://nct-dev-secrets-kv2.vault.azure.net/secrets/allowed-ssh-ip"
          },
          "sensitive_attributes": [
            [
              {
                "type": "get_attr",
                "value": "value"
              }
            ]
          ],
          "identity_schema_version": 0
        }
      ]
    },
    {
      "mode": "data",
      "type": "azurerm_key_vault_secret",
      "name": "vm_admin_password",
      "provider": "provider[\"registry.terraform.io/hashicorp/azurerm\"]",
      "instances": [
        {
          "schema_version": 0,
          "attributes": {
            "content_type": "",
            "expiration_date": null,
            "id": "https://nct-dev-secrets-kv2.vault.azure.net/secrets/vm-admin-password/0d57204928fc48189a4644814d4262ea",
            "key_vault_id": "/subscriptions/64b8e362-61aa-45fb-aef1-420be79135ef/resourceGroups/nct-dev-secrets-rg2/providers/Microsoft.KeyVault/vaults/nct-dev-secrets-kv2",
            "name": "vm-admin-password",
            "not_before_date": null,
            "resource_id": "/subscriptions/64b8e362-61aa-45fb-aef1-420be79135ef/resourceGroups/nct-dev-secrets-rg2/providers/Microsoft.KeyVault/vaults/nct-dev-secrets-kv2/secrets/vm-admin-password/versions/0d57204928fc48189a4644814d4262ea",
            "resource_versionless_id": "/subscriptions/64b8e362-61aa-45fb-aef1-420be79135ef/resourceGroups/nct-dev-secrets-rg2/providers/Microsoft.KeyVault/vaults/nct-dev-secrets-kv2/secrets/vm-admin-password",
            "tags": {
              "CostCentre": "CC-DEVOPS-007",
              "ManagedBy": "terraform",
              "Owner": "jane-doe",
              "ProjectNCT": "INFRA-004",
              "SecretType": "infrastructure",
              "Team": "platform-engineering"
            },
            "timeouts": null,
            "value": "Nct@Secure2024!",
            "version": "0d57204928fc48189a4644814d4262ea",
            "versionless_id": "https://nct-dev-secrets-kv2.vault.azure.net/secrets/vm-admin-password"
          },
          "sensitive_attributes": [
            [
              {
                "type": "get_attr",
                "value": "value"
              }
            ]
          ],
          "identity_schema_version": 0
        }
      ]
    },
    {
      "mode": "data",
      "type": "azurerm_key_vault_secret",
      "name": "vm_admin_username",
      "provider": "provider[\"registry.terraform.io/hashicorp/azurerm\"]",
      "instances": [
        {
          "schema_version": 0,
          "attributes": {
            "content_type": "",
            "expiration_date": null,
            "id": "https://nct-dev-secrets-kv2.vault.azure.net/secrets/vm-admin-username/29c0bce385454a88a77eba2f13d9d379",
            "key_vault_id": "/subscriptions/64b8e362-61aa-45fb-aef1-420be79135ef/resourceGroups/nct-dev-secrets-rg2/providers/Microsoft.KeyVault/vaults/nct-dev-secrets-kv2",
            "name": "vm-admin-username",
            "not_before_date": null,
            "resource_id": "/subscriptions/64b8e362-61aa-45fb-aef1-420be79135ef/resourceGroups/nct-dev-secrets-rg2/providers/Microsoft.KeyVault/vaults/nct-dev-secrets-kv2/secrets/vm-admin-username/versions/29c0bce385454a88a77eba2f13d9d379",
            "resource_versionless_id": "/subscriptions/64b8e362-61aa-45fb-aef1-420be79135ef/resourceGroups/nct-dev-secrets-rg2/providers/Microsoft.KeyVault/vaults/nct-dev-secrets-kv2/secrets/vm-admin-username",
            "tags": {
              "CostCentre": "CC-DEVOPS-007",
              "ManagedBy": "terraform",
              "Owner": "jane-doe",
              "ProjectNCT": "INFRA-004",
              "SecretType": "infrastructure",
              "Team": "platform-engineering"
            },
            "timeouts": null,
            "value": "nctadmin",
            "version": "29c0bce385454a88a77eba2f13d9d379",
            "versionless_id": "https://nct-dev-secrets-kv2.vault.azure.net/secrets/vm-admin-username"
          },
          "sensitive_attributes": [
            [
              {
                "type": "get_attr",
                "value": "value"
              }
            ]
          ],
          "identity_schema_version": 0
        }
      ]
    },
    {
      "mode": "managed",
      "type": "azurerm_key_vault",
      "name": "nct_kv",
      "provider": "provider[\"registry.terraform.io/hashicorp/azurerm\"]",
      "instances": [
        {
          "schema_version": 2,
          "attributes": {
            "access_policy": [
              {
                "application_id": "",
                "certificate_permissions": [],
                "key_permissions": [
                  "Get"
                ],
                "object_id": "a09e55b3-ee50-4718-bb46-f086b2fa32d1",
                "secret_permissions": [
                  "Get",
                  "List",
                  "Set",
                  "Delete",
                  "Purge"
                ],
                "storage_permissions": [
                  "Get"
                ],
                "tenant_id": "18a6ef3e-4273-4c2b-9a4d-7df397096bdd"
              }
            ],
            "contact": [],
            "enable_rbac_authorization": false,
            "enabled_for_deployment": false,
            "enabled_for_disk_encryption": true,
            "enabled_for_template_deployment": false,
            "id": "/subscriptions/64b8e362-61aa-45fb-aef1-420be79135ef/resourceGroups/nct-dev-secrets-rg2/providers/Microsoft.KeyVault/vaults/nct-dev-secrets-kv2",
            "location": "southindia",
            "name": "nct-dev-secrets-kv2",
            "network_acls": [
              {
                "bypass": "AzureServices",
                "default_action": "Allow",
                "ip_rules": [],
                "virtual_network_subnet_ids": []
              }
            ],
            "public_network_access_enabled": true,
            "purge_protection_enabled": false,
            "resource_group_name": "nct-dev-secrets-rg2",
            "sku_name": "standard",
            "soft_delete_retention_days": 7,
            "tags": {
              "CostCentre": "CC-DEVOPS-007",
              "ManagedBy": "terraform",
              "Owner": "jane-doe",
              "ProjectNCT": "INFRA-004",
              "Team": "platform-engineering"
            },
            "tenant_id": "18a6ef3e-4273-4c2b-9a4d-7df397096bdd",
            "timeouts": null,
            "vault_uri": "https://nct-dev-secrets-kv2.vault.azure.net/"
          },
          "sensitive_attributes": [],
          "identity_schema_version": 0,
          "private": "eyJlMmJmYjczMC1lY2FhLTExZTYtOGY4OC0zNDM2M2JjN2M0YzAiOnsiY3JlYXRlIjoxODAwMDAwMDAwMDAwLCJkZWxldGUiOjE4MDAwMDAwMDAwMDAsInJlYWQiOjMwMDAwMDAwMDAwMCwidXBkYXRlIjoxODAwMDAwMDAwMDAwfSwic2NoZW1hX3ZlcnNpb24iOiIyIn0=",
          "dependencies": [
            "azurerm_resource_group.main_rg",
            "data.azurerm_client_config.current"
          ]
        }
      ]
    },
    {
      "mode": "managed",
      "type": "azurerm_key_vault_secret",
      "name": "key_secret1",
      "provider": "provider[\"registry.terraform.io/hashicorp/azurerm\"]",
      "instances": [
        {
          "schema_version": 0,
          "attributes": {
            "content_type": "",
            "expiration_date": null,
            "id": "https://nct-dev-secrets-kv2.vault.azure.net/secrets/vm-admin-username/29c0bce385454a88a77eba2f13d9d379",
            "key_vault_id": "/subscriptions/64b8e362-61aa-45fb-aef1-420be79135ef/resourceGroups/nct-dev-secrets-rg2/providers/Microsoft.KeyVault/vaults/nct-dev-secrets-kv2",
            "name": "vm-admin-username",
            "not_before_date": null,
            "resource_id": "/subscriptions/64b8e362-61aa-45fb-aef1-420be79135ef/resourceGroups/nct-dev-secrets-rg2/providers/Microsoft.KeyVault/vaults/nct-dev-secrets-kv2/secrets/vm-admin-username/versions/29c0bce385454a88a77eba2f13d9d379",
            "resource_versionless_id": "/subscriptions/64b8e362-61aa-45fb-aef1-420be79135ef/resourceGroups/nct-dev-secrets-rg2/providers/Microsoft.KeyVault/vaults/nct-dev-secrets-kv2/secrets/vm-admin-username",
            "tags": {
              "CostCentre": "CC-DEVOPS-007",
              "ManagedBy": "terraform",
              "Owner": "jane-doe",
              "ProjectNCT": "INFRA-004",
              "SecretType": "infrastructure",
              "Team": "platform-engineering"
            },
            "timeouts": null,
            "value": "nctadmin",
            "version": "29c0bce385454a88a77eba2f13d9d379",
            "versionless_id": "https://nct-dev-secrets-kv2.vault.azure.net/secrets/vm-admin-username"
          },
          "sensitive_attributes": [
            [
              {
                "type": "get_attr",
                "value": "value"
              }
            ]
          ],
          "identity_schema_version": 0,
          "private": "eyJlMmJmYjczMC1lY2FhLTExZTYtOGY4OC0zNDM2M2JjN2M0YzAiOnsiY3JlYXRlIjoxODAwMDAwMDAwMDAwLCJkZWxldGUiOjE4MDAwMDAwMDAwMDAsInJlYWQiOjE4MDAwMDAwMDAwMDAsInVwZGF0ZSI6MTgwMDAwMDAwMDAwMH19",
          "dependencies": [
            "azurerm_key_vault.nct_kv",
            "azurerm_resource_group.main_rg",
            "data.azurerm_client_config.current"
          ]
        }
      ]
    },
    {
      "mode": "managed",
      "type": "azurerm_key_vault_secret",
      "name": "key_secret2",
      "provider": "provider[\"registry.terraform.io/hashicorp/azurerm\"]",
      "instances": [
        {
          "schema_version": 0,
          "attributes": {
            "content_type": "",
            "expiration_date": null,
            "id": "https://nct-dev-secrets-kv2.vault.azure.net/secrets/vm-admin-password/0d57204928fc48189a4644814d4262ea",
            "key_vault_id": "/subscriptions/64b8e362-61aa-45fb-aef1-420be79135ef/resourceGroups/nct-dev-secrets-rg2/providers/Microsoft.KeyVault/vaults/nct-dev-secrets-kv2",
            "name": "vm-admin-password",
            "not_before_date": null,
            "resource_id": "/subscriptions/64b8e362-61aa-45fb-aef1-420be79135ef/resourceGroups/nct-dev-secrets-rg2/providers/Microsoft.KeyVault/vaults/nct-dev-secrets-kv2/secrets/vm-admin-password/versions/0d57204928fc48189a4644814d4262ea",
            "resource_versionless_id": "/subscriptions/64b8e362-61aa-45fb-aef1-420be79135ef/resourceGroups/nct-dev-secrets-rg2/providers/Microsoft.KeyVault/vaults/nct-dev-secrets-kv2/secrets/vm-admin-password",
            "tags": {
              "CostCentre": "CC-DEVOPS-007",
              "ManagedBy": "terraform",
              "Owner": "jane-doe",
              "ProjectNCT": "INFRA-004",
              "SecretType": "infrastructure",
              "Team": "platform-engineering"
            },
            "timeouts": null,
            "value": "Nct@Secure2024!",
            "version": "0d57204928fc48189a4644814d4262ea",
            "versionless_id": "https://nct-dev-secrets-kv2.vault.azure.net/secrets/vm-admin-password"
          },
          "sensitive_attributes": [
            [
              {
                "type": "get_attr",
                "value": "value"
              }
            ]
          ],
          "identity_schema_version": 0,
          "private": "eyJlMmJmYjczMC1lY2FhLTExZTYtOGY4OC0zNDM2M2JjN2M0YzAiOnsiY3JlYXRlIjoxODAwMDAwMDAwMDAwLCJkZWxldGUiOjE4MDAwMDAwMDAwMDAsInJlYWQiOjE4MDAwMDAwMDAwMDAsInVwZGF0ZSI6MTgwMDAwMDAwMDAwMH19",
          "dependencies": [
            "azurerm_key_vault.nct_kv",
            "azurerm_resource_group.main_rg",
            "data.azurerm_client_config.current"
          ]
        }
      ]
    },
    {
      "mode": "managed",
      "type": "azurerm_key_vault_secret",
      "name": "key_secret3",
      "provider": "provider[\"registry.terraform.io/hashicorp/azurerm\"]",
      "instances": [
        {
          "schema_version": 0,
          "attributes": {
            "content_type": "",
            "expiration_date": null,
            "id": "https://nct-dev-secrets-kv2.vault.azure.net/secrets/allowed-ssh-ip/f31114e8a8044ab184b307c81a225e16",
            "key_vault_id": "/subscriptions/64b8e362-61aa-45fb-aef1-420be79135ef/resourceGroups/nct-dev-secrets-rg2/providers/Microsoft.KeyVault/vaults/nct-dev-secrets-kv2",
            "name": "allowed-ssh-ip",
            "not_before_date": null,
            "resource_id": "/subscriptions/64b8e362-61aa-45fb-aef1-420be79135ef/resourceGroups/nct-dev-secrets-rg2/providers/Microsoft.KeyVault/vaults/nct-dev-secrets-kv2/secrets/allowed-ssh-ip/versions/f31114e8a8044ab184b307c81a225e16",
            "resource_versionless_id": "/subscriptions/64b8e362-61aa-45fb-aef1-420be79135ef/resourceGroups/nct-dev-secrets-rg2/providers/Microsoft.KeyVault/vaults/nct-dev-secrets-kv2/secrets/allowed-ssh-ip",
            "tags": {
              "CostCentre": "CC-DEVOPS-007",
              "ManagedBy": "terraform",
              "Owner": "jane-doe",
              "ProjectNCT": "INFRA-004",
              "SecretType": "infrastructure",
              "Team": "platform-engineering"
            },
            "timeouts": null,
            "value": "205.254.171.76",
            "version": "f31114e8a8044ab184b307c81a225e16",
            "versionless_id": "https://nct-dev-secrets-kv2.vault.azure.net/secrets/allowed-ssh-ip"
          },
          "sensitive_attributes": [
            [
              {
                "type": "get_attr",
                "value": "value"
              }
            ]
          ],
          "identity_schema_version": 0,
          "private": "eyJlMmJmYjczMC1lY2FhLTExZTYtOGY4OC0zNDM2M2JjN2M0YzAiOnsiY3JlYXRlIjoxODAwMDAwMDAwMDAwLCJkZWxldGUiOjE4MDAwMDAwMDAwMDAsInJlYWQiOjE4MDAwMDAwMDAwMDAsInVwZGF0ZSI6MTgwMDAwMDAwMDAwMH19",
          "dependencies": [
            "azurerm_key_vault.nct_kv",
            "azurerm_resource_group.main_rg",
            "data.azurerm_client_config.current"
          ]
        }
      ]
    },
    {
      "mode": "managed",
      "type": "azurerm_network_interface",
      "name": "l_nic",
      "provider": "provider[\"registry.terraform.io/hashicorp/azurerm\"]",
      "instances": [
        {
          "schema_version": 0,
          "attributes": {
            "accelerated_networking_enabled": false,
            "applied_dns_servers": [],
            "auxiliary_mode": "",
            "auxiliary_sku": "",
            "dns_servers": [],
            "edge_zone": "",
            "id": "/subscriptions/64b8e362-61aa-45fb-aef1-420be79135ef/resourceGroups/nct-dev-secrets-rg2/providers/Microsoft.Network/networkInterfaces/nct-dev-nic",
            "internal_dns_name_label": "",
            "internal_domain_name_suffix": "3jbxbi2rq1pexav20oedq4mxbg.tx.internal.cloudapp.net",
            "ip_configuration": [
              {
                "gateway_load_balancer_frontend_ip_configuration_id": "",
                "name": "nct-dev-internal",
                "primary": true,
                "private_ip_address": "10.0.1.4",
                "private_ip_address_allocation": "Dynamic",
                "private_ip_address_version": "IPv4",
                "public_ip_address_id": "/subscriptions/64b8e362-61aa-45fb-aef1-420be79135ef/resourceGroups/nct-dev-secrets-rg2/providers/Microsoft.Network/publicIPAddresses/msvan-PublicIp1nct-dev",
                "subnet_id": "/subscriptions/64b8e362-61aa-45fb-aef1-420be79135ef/resourceGroups/nct-dev-secrets-rg2/providers/Microsoft.Network/virtualNetworks/nct-dev-network/subnets/nct-dev-subnet"
              }
            ],
            "ip_forwarding_enabled": false,
            "location": "southindia",
            "mac_address": "00-22-48-D6-25-64",
            "name": "nct-dev-nic",
            "private_ip_address": "10.0.1.4",
            "private_ip_addresses": [
              "10.0.1.4"
            ],
            "resource_group_name": "nct-dev-secrets-rg2",
            "tags": {},
            "timeouts": null,
            "virtual_machine_id": "/subscriptions/64b8e362-61aa-45fb-aef1-420be79135ef/resourceGroups/nct-dev-secrets-rg2/providers/Microsoft.Compute/virtualMachines/nct-dev-vm"
          },
          "sensitive_attributes": [],
          "identity_schema_version": 0,
          "private": "eyJlMmJmYjczMC1lY2FhLTExZTYtOGY4OC0zNDM2M2JjN2M0YzAiOnsiY3JlYXRlIjoxODAwMDAwMDAwMDAwLCJkZWxldGUiOjE4MDAwMDAwMDAwMDAsInJlYWQiOjMwMDAwMDAwMDAwMCwidXBkYXRlIjoxODAwMDAwMDAwMDAwfX0=",
          "dependencies": [
            "azurerm_public_ip.my-publicip",
            "azurerm_resource_group.main_rg",
            "azurerm_subnet.msvan_subnet",
            "azurerm_virtual_network.msvan-vnet"
          ]
        }
      ]
    },
    {
      "mode": "managed",
      "type": "azurerm_network_interface_security_group_association",
      "name": "nsg-link",
      "provider": "provider[\"registry.terraform.io/hashicorp/azurerm\"]",
      "instances": [
        {
          "schema_version": 0,
          "attributes": {
            "id": "/subscriptions/64b8e362-61aa-45fb-aef1-420be79135ef/resourceGroups/nct-dev-secrets-rg2/providers/Microsoft.Network/networkInterfaces/nct-dev-nic|/subscriptions/64b8e362-61aa-45fb-aef1-420be79135ef/resourceGroups/nct-dev-secrets-rg2/providers/Microsoft.Network/networkSecurityGroups/Nsg-nct-dev",
            "network_interface_id": "/subscriptions/64b8e362-61aa-45fb-aef1-420be79135ef/resourceGroups/nct-dev-secrets-rg2/providers/Microsoft.Network/networkInterfaces/nct-dev-nic",
            "network_security_group_id": "/subscriptions/64b8e362-61aa-45fb-aef1-420be79135ef/resourceGroups/nct-dev-secrets-rg2/providers/Microsoft.Network/networkSecurityGroups/Nsg-nct-dev",
            "timeouts": null
          },
          "sensitive_attributes": [],
          "identity_schema_version": 0,
          "private": "eyJlMmJmYjczMC1lY2FhLTExZTYtOGY4OC0zNDM2M2JjN2M0YzAiOnsiY3JlYXRlIjoxODAwMDAwMDAwMDAwLCJkZWxldGUiOjE4MDAwMDAwMDAwMDAsInJlYWQiOjMwMDAwMDAwMDAwMH19",
          "dependencies": [
            "azurerm_key_vault.nct_kv",
            "azurerm_key_vault_secret.key_secret3",
            "azurerm_network_interface.l_nic",
            "azurerm_network_security_group.msvan-nsg",
            "azurerm_public_ip.my-publicip",
            "azurerm_resource_group.main_rg",
            "azurerm_subnet.msvan_subnet",
            "azurerm_virtual_network.msvan-vnet",
            "data.azurerm_client_config.current",
            "data.azurerm_key_vault_secret.allowed_ssh_ip"
          ]
        }
      ]
    },
    {
      "mode": "managed",
      "type": "azurerm_network_security_group",
      "name": "msvan-nsg",
      "provider": "provider[\"registry.terraform.io/hashicorp/azurerm\"]",
      "instances": [
        {
          "schema_version": 0,
          "attributes": {
            "id": "/subscriptions/64b8e362-61aa-45fb-aef1-420be79135ef/resourceGroups/nct-dev-secrets-rg2/providers/Microsoft.Network/networkSecurityGroups/Nsg-nct-dev",
            "location": "southindia",
            "name": "Nsg-nct-dev",
            "resource_group_name": "nct-dev-secrets-rg2",
            "security_rule": [
              {
                "access": "Allow",
                "description": "",
                "destination_address_prefix": "*",
                "destination_address_prefixes": [],
                "destination_application_security_group_ids": [],
                "destination_port_range": "",
                "destination_port_ranges": [
                  "22",
                  "443",
                  "80"
                ],
                "direction": "Inbound",
                "name": "Alow_port",
                "priority": 110,
                "protocol": "*",
                "source_address_prefix": "205.254.171.76",
                "source_address_prefixes": [],
                "source_application_security_group_ids": [],
                "source_port_range": "*",
                "source_port_ranges": []
              }
            ],
            "tags": {},
            "timeouts": null
          },
          "sensitive_attributes": [
            [
              {
                "type": "get_attr",
                "value": "security_rule"
              }
            ]
          ],
          "identity_schema_version": 0,
          "private": "eyJlMmJmYjczMC1lY2FhLTExZTYtOGY4OC0zNDM2M2JjN2M0YzAiOnsiY3JlYXRlIjoxODAwMDAwMDAwMDAwLCJkZWxldGUiOjE4MDAwMDAwMDAwMDAsInJlYWQiOjMwMDAwMDAwMDAwMCwidXBkYXRlIjoxODAwMDAwMDAwMDAwfX0=",
          "dependencies": [
            "azurerm_key_vault.nct_kv",
            "azurerm_key_vault_secret.key_secret3",
            "azurerm_resource_group.main_rg",
            "data.azurerm_client_config.current",
            "data.azurerm_key_vault_secret.allowed_ssh_ip"
          ]
        }
      ]
    },
    {
      "mode": "managed",
      "type": "azurerm_public_ip",
      "name": "my-publicip",
      "provider": "provider[\"registry.terraform.io/hashicorp/azurerm\"]",
      "instances": [
        {
          "schema_version": 0,
          "attributes": {
            "allocation_method": "Static",
            "ddos_protection_mode": "Disabled",
            "ddos_protection_plan_id": null,
            "domain_name_label": null,
            "edge_zone": "",
            "fqdn": null,
            "id": "/subscriptions/64b8e362-61aa-45fb-aef1-420be79135ef/resourceGroups/nct-dev-secrets-rg2/providers/Microsoft.Network/publicIPAddresses/msvan-PublicIp1nct-dev",
            "idle_timeout_in_minutes": 4,
            "ip_address": "20.235.139.202",
            "ip_tags": {},
            "ip_version": "IPv4",
            "location": "southindia",
            "name": "msvan-PublicIp1nct-dev",
            "public_ip_prefix_id": null,
            "resource_group_name": "nct-dev-secrets-rg2",
            "reverse_fqdn": null,
            "sku": "Standard",
            "sku_tier": "Regional",
            "tags": {},
            "timeouts": null,
            "zones": []
          },
          "sensitive_attributes": [],
          "identity_schema_version": 0,
          "private": "eyJlMmJmYjczMC1lY2FhLTExZTYtOGY4OC0zNDM2M2JjN2M0YzAiOnsiY3JlYXRlIjoxODAwMDAwMDAwMDAwLCJkZWxldGUiOjE4MDAwMDAwMDAwMDAsInJlYWQiOjMwMDAwMDAwMDAwMCwidXBkYXRlIjoxODAwMDAwMDAwMDAwfX0=",
          "dependencies": [
            "azurerm_resource_group.main_rg"
          ]
        }
      ]
    },
    {
      "mode": "managed",
      "type": "azurerm_resource_group",
      "name": "main_rg",
      "provider": "provider[\"registry.terraform.io/hashicorp/azurerm\"]",
      "instances": [
        {
          "schema_version": 0,
          "attributes": {
            "id": "/subscriptions/64b8e362-61aa-45fb-aef1-420be79135ef/resourceGroups/nct-dev-secrets-rg2",
            "location": "southindia",
            "managed_by": "",
            "name": "nct-dev-secrets-rg2",
            "tags": {
              "CostCentre": "CC-DEVOPS-007",
              "ManagedBy": "terraform",
              "Owner": "jane-doe",
              "ProjectNCT": "INFRA-004",
              "Team": "platform-engineering"
            },
            "timeouts": null
          },
          "sensitive_attributes": [],
          "identity_schema_version": 0,
          "private": "eyJlMmJmYjczMC1lY2FhLTExZTYtOGY4OC0zNDM2M2JjN2M0YzAiOnsiY3JlYXRlIjo1NDAwMDAwMDAwMDAwLCJkZWxldGUiOjU0MDAwMDAwMDAwMDAsInJlYWQiOjMwMDAwMDAwMDAwMCwidXBkYXRlIjo1NDAwMDAwMDAwMDAwfX0="
        }
      ]
    },
    {
      "mode": "managed",
      "type": "azurerm_subnet",
      "name": "msvan_subnet",
      "provider": "provider[\"registry.terraform.io/hashicorp/azurerm\"]",
      "instances": [
        {
          "schema_version": 0,
          "attributes": {
            "address_prefixes": [
              "10.0.1.0/24"
            ],
            "default_outbound_access_enabled": true,
            "delegation": [],
            "id": "/subscriptions/64b8e362-61aa-45fb-aef1-420be79135ef/resourceGroups/nct-dev-secrets-rg2/providers/Microsoft.Network/virtualNetworks/nct-dev-network/subnets/nct-dev-subnet",
            "name": "nct-dev-subnet",
            "private_endpoint_network_policies": "Disabled",
            "private_link_service_network_policies_enabled": true,
            "resource_group_name": "nct-dev-secrets-rg2",
            "service_endpoint_policy_ids": [],
            "service_endpoints": [],
            "timeouts": null,
            "virtual_network_name": "nct-dev-network"
          },
          "sensitive_attributes": [],
          "identity_schema_version": 0,
          "private": "eyJlMmJmYjczMC1lY2FhLTExZTYtOGY4OC0zNDM2M2JjN2M0YzAiOnsiY3JlYXRlIjoxODAwMDAwMDAwMDAwLCJkZWxldGUiOjE4MDAwMDAwMDAwMDAsInJlYWQiOjMwMDAwMDAwMDAwMCwidXBkYXRlIjoxODAwMDAwMDAwMDAwfX0=",
          "dependencies": [
            "azurerm_resource_group.main_rg",
            "azurerm_virtual_network.msvan-vnet"
          ]
        }
      ]
    },
    {
      "mode": "managed",
      "type": "azurerm_virtual_machine",
      "name": "my-vm",
      "provider": "provider[\"registry.terraform.io/hashicorp/azurerm\"]",
      "instances": [
        {
          "schema_version": 0,
          "attributes": {
            "additional_capabilities": [],
            "availability_set_id": null,
            "boot_diagnostics": [],
            "delete_data_disks_on_termination": true,
            "delete_os_disk_on_termination": true,
            "id": "/subscriptions/64b8e362-61aa-45fb-aef1-420be79135ef/resourceGroups/nct-dev-secrets-rg2/providers/Microsoft.Compute/virtualMachines/nct-dev-vm",
            "identity": [],
            "license_type": null,
            "location": "southindia",
            "name": "nct-dev-vm",
            "network_interface_ids": [
              "/subscriptions/64b8e362-61aa-45fb-aef1-420be79135ef/resourceGroups/nct-dev-secrets-rg2/providers/Microsoft.Network/networkInterfaces/nct-dev-nic"
            ],
            "os_profile": [
              {
                "admin_password": "",
                "admin_username": "nctadmin",
                "computer_name": "nct-dev-linux",
                "custom_data": ""
              }
            ],
            "os_profile_linux_config": [
              {
                "disable_password_authentication": false,
                "ssh_keys": []
              }
            ],
            "os_profile_secrets": [],
            "os_profile_windows_config": [],
            "plan": [],
            "primary_network_interface_id": null,
            "proximity_placement_group_id": null,
            "resource_group_name": "nct-dev-secrets-rg2",
            "storage_data_disk": [],
            "storage_image_reference": [
              {
                "id": "",
                "offer": "0001-com-ubuntu-server-jammy",
                "publisher": "Canonical",
                "sku": "22_04-lts",
                "version": "latest"
              }
            ],
            "storage_os_disk": [
              {
                "caching": "ReadWrite",
                "create_option": "FromImage",
                "disk_size_gb": 40,
                "image_uri": "",
                "managed_disk_id": "/subscriptions/64b8e362-61aa-45fb-aef1-420be79135ef/resourceGroups/nct-dev-secrets-rg2/providers/Microsoft.Compute/disks/nct-dev-disk",
                "managed_disk_type": "Standard_LRS",
                "name": "nct-dev-disk",
                "os_type": "Linux",
                "vhd_uri": "",
                "write_accelerator_enabled": false
              }
            ],
            "tags": {
              "CostCentre": "CC-DEVOPS-007",
              "ManagedBy": "terraform",
              "Owner": "jane-doe",
              "ProjectNCT": "INFRA-004",
              "Team": "platform-engineering"
            },
            "timeouts": null,
            "vm_size": "Standard_B2als_v2",
            "zones": []
          },
          "sensitive_attributes": [
            [
              {
                "type": "get_attr",
                "value": "os_profile"
              }
            ]
          ],
          "identity_schema_version": 0,
          "private": "eyJlMmJmYjczMC1lY2FhLTExZTYtOGY4OC0zNDM2M2JjN2M0YzAiOnsiY3JlYXRlIjozNjAwMDAwMDAwMDAwLCJkZWxldGUiOjM2MDAwMDAwMDAwMDAsInJlYWQiOjMwMDAwMDAwMDAwMCwidXBkYXRlIjozNjAwMDAwMDAwMDAwfX0=",
          "dependencies": [
            "azurerm_key_vault.nct_kv",
            "azurerm_key_vault_secret.key_secret1",
            "azurerm_key_vault_secret.key_secret2",
            "azurerm_network_interface.l_nic",
            "azurerm_public_ip.my-publicip",
            "azurerm_resource_group.main_rg",
            "azurerm_subnet.msvan_subnet",
            "azurerm_virtual_network.msvan-vnet",
            "data.azurerm_client_config.current",
            "data.azurerm_key_vault_secret.vm_admin_password",
            "data.azurerm_key_vault_secret.vm_admin_username"
          ]
        }
      ]
    },
    {
      "mode": "managed",
      "type": "azurerm_virtual_network",
      "name": "msvan-vnet",
      "provider": "provider[\"registry.terraform.io/hashicorp/azurerm\"]",
      "instances": [
        {
          "schema_version": 0,
          "attributes": {
            "address_space": [
              "10.0.0.0/16"
            ],
            "bgp_community": "",
            "ddos_protection_plan": [],
            "dns_servers": [],
            "edge_zone": "",
            "encryption": [],
            "flow_timeout_in_minutes": 0,
            "guid": "a37043ea-8691-4bde-82bc-d3883879970e",
            "id": "/subscriptions/64b8e362-61aa-45fb-aef1-420be79135ef/resourceGroups/nct-dev-secrets-rg2/providers/Microsoft.Network/virtualNetworks/nct-dev-network",
            "location": "southindia",
            "name": "nct-dev-network",
            "resource_group_name": "nct-dev-secrets-rg2",
            "subnet": [
              {
                "address_prefixes": [
                  "10.0.1.0/24"
                ],
                "default_outbound_access_enabled": true,
                "delegation": [],
                "id": "/subscriptions/64b8e362-61aa-45fb-aef1-420be79135ef/resourceGroups/nct-dev-secrets-rg2/providers/Microsoft.Network/virtualNetworks/nct-dev-network/subnets/nct-dev-subnet",
                "name": "nct-dev-subnet",
                "private_endpoint_network_policies": "Disabled",
                "private_link_service_network_policies_enabled": true,
                "route_table_id": "",
                "security_group": "",
                "service_endpoint_policy_ids": [],
                "service_endpoints": []
              }
            ],
            "tags": {},
            "timeouts": null
          },
          "sensitive_attributes": [],
          "identity_schema_version": 0,
          "private": "eyJlMmJmYjczMC1lY2FhLTExZTYtOGY4OC0zNDM2M2JjN2M0YzAiOnsiY3JlYXRlIjoxODAwMDAwMDAwMDAwLCJkZWxldGUiOjE4MDAwMDAwMDAwMDAsInJlYWQiOjMwMDAwMDAwMDAwMCwidXBkYXRlIjoxODAwMDAwMDAwMDAwfX0=",
          "dependencies": [
            "azurerm_resource_group.main_rg"
          ]
        }
      ]
    }
  ],
  "check_results": [
    {
      "object_kind": "var",
      "config_addr": "var.environment",
      "status": "pass",
      "objects": [
        {
          "object_addr": "var.environment",
          "status": "pass"
        }
      ]
    }
  ]
}
